
Microsoft Visual Studio Solution File, Format Version 12.00
# Visual Studio Version 16
VisualStudioVersion = 16.0.30621.155
MinimumVisualStudioVersion = 10.0.40219.1
Project("{FAE04EC0-301F-11D3-BF4B-00C04F79EFBC}") = "BulkyBook", "BulkyBook\BulkyBook.csproj", "{9848D083-5DFC-4BB7-AEF8-B46FB7D9DF8A}"
EndProject
Global
	GlobalSection(SolutionConfigurationPlatforms) = preSolution
		Debug|Any CPU = Debug|Any CPU
		Release|Any CPU = Release|Any CPU
	EndGlobalSection
	GlobalSection(ProjectConfigurationPlatforms) = postSolution
		{9848D083-5DFC-4BB7-AEF8-B46FB7D9DF8A}.Debug|Any CPU.ActiveCfg = Debug|Any CPU
		{9848D083-5DFC-4BB7-AEF8-B46FB7D9DF8A}.Debug|Any CPU.Build.0 = Debug|Any CPU
		{9848D083-5DFC-4BB7-AEF8-B46FB7D9DF8A}.Release|Any CPU.ActiveCfg = Release|Any CPU
		{9848D083-5DFC-4BB7-AEF8-B46FB7D9DF8A}.Release|Any CPU.Build.0 = Release|Any CPU
	EndGlobalSection
	GlobalSection(SolutionProperties) = preSolution
		HideSolutionNode = FALSE
	EndGlobalSection
	GlobalSection(ExtensibilityGlobals) = postSolution
		SolutionGuid = {CD584102-69CC-4609-A389-11354797AA1D}
	EndGlobalSection
EndGlobal
